
Microsoft Visual Studio Solution File, Format Version 12.00
# Visual Studio Version 17
VisualStudioVersion = 17.8.34408.163
MinimumVisualStudioVersion = 10.0.40219.1
Project("{8BC9CEB8-8B4A-11D0-8D11-00A0C91BC942}") = "PracticalWork (tema16)", "PracticalWork (tema16).vcxproj", "{9D8D151E-BA5F-4397-8D70-1A7A78FB61D5}"
EndProject
Global
	GlobalSection(SolutionConfigurationPlatforms) = preSolution
		Debug|x64 = Debug|x64
		Debug|x86 = Debug|x86
		Release|x64 = Release|x64
		Release|x86 = Release|x86
	EndGlobalSection
	GlobalSection(ProjectConfigurationPlatforms) = postSolution
		{9D8D151E-BA5F-4397-8D70-1A7A78FB61D5}.Debug|x64.ActiveCfg = Debug|x64
		{9D8D151E-BA5F-4397-8D70-1A7A78FB61D5}.Debug|x64.Build.0 = Debug|x64
		{9D8D151E-BA5F-4397-8D70-1A7A78FB61D5}.Debug|x86.ActiveCfg = Debug|Win32
		{9D8D151E-BA5F-4397-8D70-1A7A78FB61D5}.Debug|x86.Build.0 = Debug|Win32
		{9D8D151E-BA5F-4397-8D70-1A7A78FB61D5}.Release|x64.ActiveCfg = Release|x64
		{9D8D151E-BA5F-4397-8D70-1A7A78FB61D5}.Release|x64.Build.0 = Release|x64
		{9D8D151E-BA5F-4397-8D70-1A7A78FB61D5}.Release|x86.ActiveCfg = Release|Win32
		{9D8D151E-BA5F-4397-8D70-1A7A78FB61D5}.Release|x86.Build.0 = Release|Win32
	EndGlobalSection
	GlobalSection(SolutionProperties) = preSolution
		HideSolutionNode = FALSE
	EndGlobalSection
	GlobalSection(ExtensibilityGlobals) = postSolution
		SolutionGuid = {2F5748AA-4C2B-48DB-A191-0DE1A6A544A8}
	EndGlobalSection
EndGlobal
